{
  "name": "que_11-k",
  "version": "1.0.3",
  "lockfileVersion": 3,
  "requires": true,
  "packages": {
    "": {
      "name": "que_11-k",
      "version": "1.0.3",
      "license": "ISC",
      "dependencies": {
        "que_11-k": "^1.0.3"
      }
    },
    "node_modules/que_11-k": {
      "version": "1.0.3",
      "resolved": "https://registry.npmjs.org/que_11-k/-/que_11-k-1.0.3.tgz",
      "integrity": "sha512-cftWCXTDulMLzaMXLt2tAfVJhnlyiId0cg6+5275Wrau236PV7pGLROBEjvIOKWkLAidkAbaIy9YHn1Dxo7M0w==",
      "license": "ISC"
    }
  }
}
